// !$*UTF8*$!
{
	archiveVersion = 1;
	classes = {
	};
	objectVersion = 56;
	objects = {

/* Begin PBXBuildFile section */
		9926399A2B6A554D00F55B96 /* RMService.swift in Sources */ = {isa = PBXBuildFile; fileRef = 992639992B6A554D00F55B96 /* RMService.swift */; };
		9926399C2B6A594E00F55B96 /* RMRequest.swift in Sources */ = {isa = PBXBuildFile; fileRef = 9926399B2B6A594E00F55B96 /* RMRequest.swift */; };
		9926399E2B6A59AF00F55B96 /* RMEndpoint.swift in Sources */ = {isa = PBXBuildFile; fileRef = 9926399D2B6A59AF00F55B96 /* RMEndpoint.swift */; };
		992639A02B6A80DD00F55B96 /* RMCharacter.swift in Sources */ = {isa = PBXBuildFile; fileRef = 9926399F2B6A80DD00F55B96 /* RMCharacter.swift */; };
		992639A22B6A81B900F55B96 /* RMStatus.swift in Sources */ = {isa = PBXBuildFile; fileRef = 992639A12B6A81B900F55B96 /* RMStatus.swift */; };
		992639A42B6A821900F55B96 /* RMGender.swift in Sources */ = {isa = PBXBuildFile; fileRef = 992639A32B6A821900F55B96 /* RMGender.swift */; };
		992639A62B6A828800F55B96 /* RMSimpleLocation.swift in Sources */ = {isa = PBXBuildFile; fileRef = 992639A52B6A828800F55B96 /* RMSimpleLocation.swift */; };
		992639AA2B6A83EB00F55B96 /* RMLocation.swift in Sources */ = {isa = PBXBuildFile; fileRef = 992639A92B6A83EB00F55B96 /* RMLocation.swift */; };
		992639AC2B6A848300F55B96 /* RMEpisode.swift in Sources */ = {isa = PBXBuildFile; fileRef = 992639AB2B6A848300F55B96 /* RMEpisode.swift */; };
		992639AE2B6C32FD00F55B96 /* RMCharactersResponse.swift in Sources */ = {isa = PBXBuildFile; fileRef = 992639AD2B6C32FD00F55B96 /* RMCharactersResponse.swift */; };
		992639B02B6C335C00F55B96 /* RMInfo.swift in Sources */ = {isa = PBXBuildFile; fileRef = 992639AF2B6C335C00F55B96 /* RMInfo.swift */; };
		9976CAB82B696F2100C4FEFD /* AppDelegate.swift in Sources */ = {isa = PBXBuildFile; fileRef = 9976CAB72B696F2100C4FEFD /* AppDelegate.swift */; };
		9976CABA2B696F2100C4FEFD /* SceneDelegate.swift in Sources */ = {isa = PBXBuildFile; fileRef = 9976CAB92B696F2100C4FEFD /* SceneDelegate.swift */; };
		9976CABC2B696F2100C4FEFD /* RMTabBarController.swift in Sources */ = {isa = PBXBuildFile; fileRef = 9976CABB2B696F2100C4FEFD /* RMTabBarController.swift */; };
		9976CAC12B696F2700C4FEFD /* Assets.xcassets in Resources */ = {isa = PBXBuildFile; fileRef = 9976CAC02B696F2700C4FEFD /* Assets.xcassets */; };
		9976CAC42B696F2700C4FEFD /* LaunchScreen.storyboard in Resources */ = {isa = PBXBuildFile; fileRef = 9976CAC22B696F2700C4FEFD /* LaunchScreen.storyboard */; };
		9976CAD32B6985B700C4FEFD /* RMCharacterVC.swift in Sources */ = {isa = PBXBuildFile; fileRef = 9976CAD22B6985B700C4FEFD /* RMCharacterVC.swift */; };
		9976CAD52B6985C900C4FEFD /* RMLocationVC.swift in Sources */ = {isa = PBXBuildFile; fileRef = 9976CAD42B6985C900C4FEFD /* RMLocationVC.swift */; };
		9976CAD72B6985D700C4FEFD /* RMEpisodeVC.swift in Sources */ = {isa = PBXBuildFile; fileRef = 9976CAD62B6985D700C4FEFD /* RMEpisodeVC.swift */; };
		9976CAD92B6985E500C4FEFD /* RMSettingsVC.swift in Sources */ = {isa = PBXBuildFile; fileRef = 9976CAD82B6985E500C4FEFD /* RMSettingsVC.swift */; };
		99B30EAA2B6D12BD00196316 /* CharacterListViewVM.swift in Sources */ = {isa = PBXBuildFile; fileRef = 99B30EA92B6D12BD00196316 /* CharacterListViewVM.swift */; };
		99B30EAC2B6D133E00196316 /* CharacterListView.swift in Sources */ = {isa = PBXBuildFile; fileRef = 99B30EAB2B6D133E00196316 /* CharacterListView.swift */; };
		99B30EAF2B6D169A00196316 /* UIView+Ext.swift in Sources */ = {isa = PBXBuildFile; fileRef = 99B30EAE2B6D169A00196316 /* UIView+Ext.swift */; };
		99B30EB12B6D1E5500196316 /* LoadingSpinnerView.swift in Sources */ = {isa = PBXBuildFile; fileRef = 99B30EB02B6D1E5500196316 /* LoadingSpinnerView.swift */; };
		99B30EB62B6D427200196316 /* UIHelper.swift in Sources */ = {isa = PBXBuildFile; fileRef = 99B30EB52B6D427200196316 /* UIHelper.swift */; };
/* End PBXBuildFile section */

/* Begin PBXFileReference section */
		992639992B6A554D00F55B96 /* RMService.swift */ = {isa = PBXFileReference; lastKnownFileType = sourcecode.swift; path = RMService.swift; sourceTree = "<group>"; };
		9926399B2B6A594E00F55B96 /* RMRequest.swift */ = {isa = PBXFileReference; lastKnownFileType = sourcecode.swift; path = RMRequest.swift; sourceTree = "<group>"; };
		9926399D2B6A59AF00F55B96 /* RMEndpoint.swift */ = {isa = PBXFileReference; lastKnownFileType = sourcecode.swift; path = RMEndpoint.swift; sourceTree = "<group>"; };
		9926399F2B6A80DD00F55B96 /* RMCharacter.swift */ = {isa = PBXFileReference; lastKnownFileType = sourcecode.swift; path = RMCharacter.swift; sourceTree = "<group>"; };
		992639A12B6A81B900F55B96 /* RMStatus.swift */ = {isa = PBXFileReference; lastKnownFileType = sourcecode.swift; path = RMStatus.swift; sourceTree = "<group>"; };
		992639A32B6A821900F55B96 /* RMGender.swift */ = {isa = PBXFileReference; lastKnownFileType = sourcecode.swift; path = RMGender.swift; sourceTree = "<group>"; };
		992639A52B6A828800F55B96 /* RMSimpleLocation.swift */ = {isa = PBXFileReference; lastKnownFileType = sourcecode.swift; path = RMSimpleLocation.swift; sourceTree = "<group>"; };
		992639A92B6A83EB00F55B96 /* RMLocation.swift */ = {isa = PBXFileReference; lastKnownFileType = sourcecode.swift; path = RMLocation.swift; sourceTree = "<group>"; };
		992639AB2B6A848300F55B96 /* RMEpisode.swift */ = {isa = PBXFileReference; lastKnownFileType = sourcecode.swift; path = RMEpisode.swift; sourceTree = "<group>"; };
		992639AD2B6C32FD00F55B96 /* RMCharactersResponse.swift */ = {isa = PBXFileReference; lastKnownFileType = sourcecode.swift; path = RMCharactersResponse.swift; sourceTree = "<group>"; };
		992639AF2B6C335C00F55B96 /* RMInfo.swift */ = {isa = PBXFileReference; lastKnownFileType = sourcecode.swift; path = RMInfo.swift; sourceTree = "<group>"; };
		9976CAB42B696F2100C4FEFD /* RickAndMorty.app */ = {isa = PBXFileReference; explicitFileType = wrapper.application; includeInIndex = 0; path = RickAndMorty.app; sourceTree = BUILT_PRODUCTS_DIR; };
		9976CAB72B696F2100C4FEFD /* AppDelegate.swift */ = {isa = PBXFileReference; lastKnownFileType = sourcecode.swift; path = AppDelegate.swift; sourceTree = "<group>"; };
		9976CAB92B696F2100C4FEFD /* SceneDelegate.swift */ = {isa = PBXFileReference; lastKnownFileType = sourcecode.swift; path = SceneDelegate.swift; sourceTree = "<group>"; };
		9976CABB2B696F2100C4FEFD /* RMTabBarController.swift */ = {isa = PBXFileReference; lastKnownFileType = sourcecode.swift; path = RMTabBarController.swift; sourceTree = "<group>"; };
		9976CAC02B696F2700C4FEFD /* Assets.xcassets */ = {isa = PBXFileReference; lastKnownFileType = folder.assetcatalog; path = Assets.xcassets; sourceTree = "<group>"; };
		9976CAC32B696F2700C4FEFD /* Base */ = {isa = PBXFileReference; lastKnownFileType = file.storyboard; name = Base; path = Base.lproj/LaunchScreen.storyboard; sourceTree = "<group>"; };
		9976CAC52B696F2700C4FEFD /* Info.plist */ = {isa = PBXFileReference; lastKnownFileType = text.plist.xml; path = Info.plist; sourceTree = "<group>"; };
		9976CAD22B6985B700C4FEFD /* RMCharacterVC.swift */ = {isa = PBXFileReference; lastKnownFileType = sourcecode.swift; path = RMCharacterVC.swift; sourceTree = "<group>"; };
		9976CAD42B6985C900C4FEFD /* RMLocationVC.swift */ = {isa = PBXFileReference; lastKnownFileType = sourcecode.swift; path = RMLocationVC.swift; sourceTree = "<group>"; };
		9976CAD62B6985D700C4FEFD /* RMEpisodeVC.swift */ = {isa = PBXFileReference; lastKnownFileType = sourcecode.swift; path = RMEpisodeVC.swift; sourceTree = "<group>"; };
		9976CAD82B6985E500C4FEFD /* RMSettingsVC.swift */ = {isa = PBXFileReference; lastKnownFileType = sourcecode.swift; path = RMSettingsVC.swift; sourceTree = "<group>"; };
		99B30EA92B6D12BD00196316 /* CharacterListViewVM.swift */ = {isa = PBXFileReference; lastKnownFileType = sourcecode.swift; path = CharacterListViewVM.swift; sourceTree = "<group>"; };
		99B30EAB2B6D133E00196316 /* CharacterListView.swift */ = {isa = PBXFileReference; lastKnownFileType = sourcecode.swift; path = CharacterListView.swift; sourceTree = "<group>"; };
		99B30EAE2B6D169A00196316 /* UIView+Ext.swift */ = {isa = PBXFileReference; lastKnownFileType = sourcecode.swift; path = "UIView+Ext.swift"; sourceTree = "<group>"; };
		99B30EB02B6D1E5500196316 /* LoadingSpinnerView.swift */ = {isa = PBXFileReference; lastKnownFileType = sourcecode.swift; path = LoadingSpinnerView.swift; sourceTree = "<group>"; };
		99B30EB52B6D427200196316 /* UIHelper.swift */ = {isa = PBXFileReference; lastKnownFileType = sourcecode.swift; path = UIHelper.swift; sourceTree = "<group>"; };
/* End PBXFileReference section */

/* Begin PBXFrameworksBuildPhase section */
		9976CAB12B696F2100C4FEFD /* Frameworks */ = {
			isa = PBXFrameworksBuildPhase;
			buildActionMask = 2147483647;
			files = (
			);
			runOnlyForDeploymentPostprocessing = 0;
		};
/* End PBXFrameworksBuildPhase section */

/* Begin PBXGroup section */
		992639B12B6C344000F55B96 /* DataTypes */ = {
			isa = PBXGroup;
			children = (
				9926399F2B6A80DD00F55B96 /* RMCharacter.swift */,
				992639AB2B6A848300F55B96 /* RMEpisode.swift */,
				992639A32B6A821900F55B96 /* RMGender.swift */,
				992639AF2B6C335C00F55B96 /* RMInfo.swift */,
				992639A92B6A83EB00F55B96 /* RMLocation.swift */,
				992639A52B6A828800F55B96 /* RMSimpleLocation.swift */,
				992639A12B6A81B900F55B96 /* RMStatus.swift */,
			);
			path = DataTypes;
			sourceTree = "<group>";
		};
		992639B22B6C345200F55B96 /* ResponseTypes */ = {
			isa = PBXGroup;
			children = (
				992639AD2B6C32FD00F55B96 /* RMCharactersResponse.swift */,
			);
			path = ResponseTypes;
			sourceTree = "<group>";
		};
		9976CAAB2B696F2100C4FEFD = {
			isa = PBXGroup;
			children = (
				9976CAB62B696F2100C4FEFD /* RickAndMorty */,
				9976CAB52B696F2100C4FEFD /* Products */,
			);
			sourceTree = "<group>";
		};
		9976CAB52B696F2100C4FEFD /* Products */ = {
			isa = PBXGroup;
			children = (
				9976CAB42B696F2100C4FEFD /* RickAndMorty.app */,
			);
			name = Products;
			sourceTree = "<group>";
		};
		9976CAB62B696F2100C4FEFD /* RickAndMorty */ = {
			isa = PBXGroup;
			children = (
				99B30EAD2B6D168D00196316 /* Extensions */,
				9976CAD12B69728100C4FEFD /* APIClient */,
				9976CACB2B69720000C4FEFD /* Model */,
				9976CACC2B69720800C4FEFD /* View */,
				9976CACD2B69720F00C4FEFD /* ViewModel */,
				9976CACE2B69721B00C4FEFD /* Controller */,
				9976CAD02B69722D00C4FEFD /* Resource */,
				9976CACF2B69722700C4FEFD /* Manager */,
				9976CAC52B696F2700C4FEFD /* Info.plist */,
				99B30EB52B6D427200196316 /* UIHelper.swift */,
			);
			path = RickAndMorty;
			sourceTree = "<group>";
		};
		9976CACB2B69720000C4FEFD /* Model */ = {
			isa = PBXGroup;
			children = (
				992639B22B6C345200F55B96 /* ResponseTypes */,
				992639B12B6C344000F55B96 /* DataTypes */,
			);
			path = Model;
			sourceTree = "<group>";
		};
		9976CACC2B69720800C4FEFD /* View */ = {
			isa = PBXGroup;
			children = (
				99B30EAB2B6D133E00196316 /* CharacterListView.swift */,
				99B30EB02B6D1E5500196316 /* LoadingSpinnerView.swift */,
			);
			path = View;
			sourceTree = "<group>";
		};
		9976CACD2B69720F00C4FEFD /* ViewModel */ = {
			isa = PBXGroup;
			children = (
				99B30EA92B6D12BD00196316 /* CharacterListViewVM.swift */,
			);
			path = ViewModel;
			sourceTree = "<group>";
		};
		9976CACE2B69721B00C4FEFD /* Controller */ = {
			isa = PBXGroup;
			children = (
				9976CABB2B696F2100C4FEFD /* RMTabBarController.swift */,
				9976CAD22B6985B700C4FEFD /* RMCharacterVC.swift */,
				9976CAD42B6985C900C4FEFD /* RMLocationVC.swift */,
				9976CAD62B6985D700C4FEFD /* RMEpisodeVC.swift */,
				9976CAD82B6985E500C4FEFD /* RMSettingsVC.swift */,
			);
			path = Controller;
			sourceTree = "<group>";
		};
		9976CACF2B69722700C4FEFD /* Manager */ = {
			isa = PBXGroup;
			children = (
			);
			path = Manager;
			sourceTree = "<group>";
		};
		9976CAD02B69722D00C4FEFD /* Resource */ = {
			isa = PBXGroup;
			children = (
				9976CAB72B696F2100C4FEFD /* AppDelegate.swift */,
				9976CAB92B696F2100C4FEFD /* SceneDelegate.swift */,
				9976CAC02B696F2700C4FEFD /* Assets.xcassets */,
				9976CAC22B696F2700C4FEFD /* LaunchScreen.storyboard */,
			);
			path = Resource;
			sourceTree = "<group>";
		};
		9976CAD12B69728100C4FEFD /* APIClient */ = {
			isa = PBXGroup;
			children = (
				992639992B6A554D00F55B96 /* RMService.swift */,
				9926399B2B6A594E00F55B96 /* RMRequest.swift */,
				9926399D2B6A59AF00F55B96 /* RMEndpoint.swift */,
			);
			path = APIClient;
			sourceTree = "<group>";
		};
		99B30EAD2B6D168D00196316 /* Extensions */ = {
			isa = PBXGroup;
			children = (
				99B30EAE2B6D169A00196316 /* UIView+Ext.swift */,
			);
			path = Extensions;
			sourceTree = "<group>";
		};
/* End PBXGroup section */

/* Begin PBXNativeTarget section */
		9976CAB32B696F2100C4FEFD /* RickAndMorty */ = {
			isa = PBXNativeTarget;
			buildConfigurationList = 9976CAC82B696F2700C4FEFD /* Build configuration list for PBXNativeTarget "RickAndMorty" */;
			buildPhases = (
				9976CAB02B696F2100C4FEFD /* Sources */,
				9976CAB12B696F2100C4FEFD /* Frameworks */,
				9976CAB22B696F2100C4FEFD /* Resources */,
			);
			buildRules = (
			);
			dependencies = (
			);
			name = RickAndMorty;
			productName = RickAndMorty;
			productReference = 9976CAB42B696F2100C4FEFD /* RickAndMorty.app */;
			productType = "com.apple.product-type.application";
		};
/* End PBXNativeTarget section */

/* Begin PBXProject section */
		9976CAAC2B696F2100C4FEFD /* Project object */ = {
			isa = PBXProject;
			attributes = {
				BuildIndependentTargetsInParallel = 1;
				LastSwiftUpdateCheck = 1520;
				LastUpgradeCheck = 1520;
				TargetAttributes = {
					9976CAB32B696F2100C4FEFD = {
						CreatedOnToolsVersion = 15.2;
					};
				};
			};
			buildConfigurationList = 9976CAAF2B696F2100C4FEFD /* Build configuration list for PBXProject "RickAndMorty" */;
			compatibilityVersion = "Xcode 14.0";
			developmentRegion = en;
			hasScannedForEncodings = 0;
			knownRegions = (
				en,
				Base,
			);
			mainGroup = 9976CAAB2B696F2100C4FEFD;
			productRefGroup = 9976CAB52B696F2100C4FEFD /* Products */;
			projectDirPath = "";
			projectRoot = "";
			targets = (
				9976CAB32B696F2100C4FEFD /* RickAndMorty */,
			);
		};
/* End PBXProject section */

/* Begin PBXResourcesBuildPhase section */
		9976CAB22B696F2100C4FEFD /* Resources */ = {
			isa = PBXResourcesBuildPhase;
			buildActionMask = 2147483647;
			files = (
				9976CAC42B696F2700C4FEFD /* LaunchScreen.storyboard in Resources */,
				9976CAC12B696F2700C4FEFD /* Assets.xcassets in Resources */,
			);
			runOnlyForDeploymentPostprocessing = 0;
		};
/* End PBXResourcesBuildPhase section */

/* Begin PBXSourcesBuildPhase section */
		9976CAB02B696F2100C4FEFD /* Sources */ = {
			isa = PBXSourcesBuildPhase;
			buildActionMask = 2147483647;
			files = (
				992639A62B6A828800F55B96 /* RMSimpleLocation.swift in Sources */,
				9976CAD52B6985C900C4FEFD /* RMLocationVC.swift in Sources */,
				99B30EAC2B6D133E00196316 /* CharacterListView.swift in Sources */,
				992639AE2B6C32FD00F55B96 /* RMCharactersResponse.swift in Sources */,
				992639AC2B6A848300F55B96 /* RMEpisode.swift in Sources */,
				99B30EB62B6D427200196316 /* UIHelper.swift in Sources */,
				9926399C2B6A594E00F55B96 /* RMRequest.swift in Sources */,
				99B30EB12B6D1E5500196316 /* LoadingSpinnerView.swift in Sources */,
				9976CABC2B696F2100C4FEFD /* RMTabBarController.swift in Sources */,
				9926399A2B6A554D00F55B96 /* RMService.swift in Sources */,
				99B30EAA2B6D12BD00196316 /* CharacterListViewVM.swift in Sources */,
				992639A22B6A81B900F55B96 /* RMStatus.swift in Sources */,
				992639A42B6A821900F55B96 /* RMGender.swift in Sources */,
				99B30EAF2B6D169A00196316 /* UIView+Ext.swift in Sources */,
				992639AA2B6A83EB00F55B96 /* RMLocation.swift in Sources */,
				9976CAB82B696F2100C4FEFD /* AppDelegate.swift in Sources */,
				9976CABA2B696F2100C4FEFD /* SceneDelegate.swift in Sources */,
				992639B02B6C335C00F55B96 /* RMInfo.swift in Sources */,
				9976CAD32B6985B700C4FEFD /* RMCharacterVC.swift in Sources */,
				9926399E2B6A59AF00F55B96 /* RMEndpoint.swift in Sources */,
				9976CAD92B6985E500C4FEFD /* RMSettingsVC.swift in Sources */,
				9976CAD72B6985D700C4FEFD /* RMEpisodeVC.swift in Sources */,
				992639A02B6A80DD00F55B96 /* RMCharacter.swift in Sources */,
			);
			runOnlyForDeploymentPostprocessing = 0;
		};
/* End PBXSourcesBuildPhase section */

/* Begin PBXVariantGroup section */
		9976CAC22B696F2700C4FEFD /* LaunchScreen.storyboard */ = {
			isa = PBXVariantGroup;
			children = (
				9976CAC32B696F2700C4FEFD /* Base */,
			);
			name = LaunchScreen.storyboard;
			sourceTree = "<group>";
		};
/* End PBXVariantGroup section */

/* Begin XCBuildConfiguration section */
		9976CAC62B696F2700C4FEFD /* Debug */ = {
			isa = XCBuildConfiguration;
			buildSettings = {
				ALWAYS_SEARCH_USER_PATHS = NO;
				ASSETCATALOG_COMPILER_GENERATE_SWIFT_ASSET_SYMBOL_EXTENSIONS = YES;
				CLANG_ANALYZER_NONNULL = YES;
				CLANG_ANALYZER_NUMBER_OBJECT_CONVERSION = YES_AGGRESSIVE;
				CLANG_CXX_LANGUAGE_STANDARD = "gnu++20";
				CLANG_ENABLE_MODULES = YES;
				CLANG_ENABLE_OBJC_ARC = YES;
				CLANG_ENABLE_OBJC_WEAK = YES;
				CLANG_WARN_BLOCK_CAPTURE_AUTORELEASING = YES;
				CLANG_WARN_BOOL_CONVERSION = YES;
				CLANG_WARN_COMMA = YES;
				CLANG_WARN_CONSTANT_CONVERSION = YES;
				CLANG_WARN_DEPRECATED_OBJC_IMPLEMENTATIONS = YES;
				CLANG_WARN_DIRECT_OBJC_ISA_USAGE = YES_ERROR;
				CLANG_WARN_DOCUMENTATION_COMMENTS = YES;
				CLANG_WARN_EMPTY_BODY = YES;
				CLANG_WARN_ENUM_CONVERSION = YES;
				CLANG_WARN_INFINITE_RECURSION = YES;
				CLANG_WARN_INT_CONVERSION = YES;
				CLANG_WARN_NON_LITERAL_NULL_CONVERSION = YES;
				CLANG_WARN_OBJC_IMPLICIT_RETAIN_SELF = YES;
				CLANG_WARN_OBJC_LITERAL_CONVERSION = YES;
				CLANG_WARN_OBJC_ROOT_CLASS = YES_ERROR;
				CLANG_WARN_QUOTED_INCLUDE_IN_FRAMEWORK_HEADER = YES;
				CLANG_WARN_RANGE_LOOP_ANALYSIS = YES;
				CLANG_WARN_STRICT_PROTOTYPES = YES;
				CLANG_WARN_SUSPICIOUS_MOVE = YES;
				CLANG_WARN_UNGUARDED_AVAILABILITY = YES_AGGRESSIVE;
				CLANG_WARN_UNREACHABLE_CODE = YES;
				CLANG_WARN__DUPLICATE_METHOD_MATCH = YES;
				COPY_PHASE_STRIP = NO;
				DEBUG_INFORMATION_FORMAT = dwarf;
				ENABLE_STRICT_OBJC_MSGSEND = YES;
				ENABLE_TESTABILITY = YES;
				ENABLE_USER_SCRIPT_SANDBOXING = YES;
				GCC_C_LANGUAGE_STANDARD = gnu17;
				GCC_DYNAMIC_NO_PIC = NO;
				GCC_NO_COMMON_BLOCKS = YES;
				GCC_OPTIMIZATION_LEVEL = 0;
				GCC_PREPROCESSOR_DEFINITIONS = (
					"DEBUG=1",
					"$(inherited)",
				);
				GCC_WARN_64_TO_32_BIT_CONVERSION = YES;
				GCC_WARN_ABOUT_RETURN_TYPE = YES_ERROR;
				GCC_WARN_UNDECLARED_SELECTOR = YES;
				GCC_WARN_UNINITIALIZED_AUTOS = YES_AGGRESSIVE;
				GCC_WARN_UNUSED_FUNCTION = YES;
				GCC_WARN_UNUSED_VARIABLE = YES;
				IPHONEOS_DEPLOYMENT_TARGET = 17.2;
				LOCALIZATION_PREFERS_STRING_CATALOGS = YES;
				MTL_ENABLE_DEBUG_INFO = INCLUDE_SOURCE;
				MTL_FAST_MATH = YES;
				ONLY_ACTIVE_ARCH = YES;
				SDKROOT = iphoneos;
				SWIFT_ACTIVE_COMPILATION_CONDITIONS = "DEBUG $(inherited)";
				SWIFT_OPTIMIZATION_LEVEL = "-Onone";
			};
			name = Debug;
		};
		9976CAC72B696F2700C4FEFD /* Release */ = {
			isa = XCBuildConfiguration;
			buildSettings = {
				ALWAYS_SEARCH_USER_PATHS = NO;
				ASSETCATALOG_COMPILER_GENERATE_SWIFT_ASSET_SYMBOL_EXTENSIONS = YES;
				CLANG_ANALYZER_NONNULL = YES;
				CLANG_ANALYZER_NUMBER_OBJECT_CONVERSION = YES_AGGRESSIVE;
				CLANG_CXX_LANGUAGE_STANDARD = "gnu++20";
				CLANG_ENABLE_MODULES = YES;
				CLANG_ENABLE_OBJC_ARC = YES;
				CLANG_ENABLE_OBJC_WEAK = YES;
				CLANG_WARN_BLOCK_CAPTURE_AUTORELEASING = YES;
				CLANG_WARN_BOOL_CONVERSION = YES;
				CLANG_WARN_COMMA = YES;
				CLANG_WARN_CONSTANT_CONVERSION = YES;
				CLANG_WARN_DEPRECATED_OBJC_IMPLEMENTATIONS = YES;
				CLANG_WARN_DIRECT_OBJC_ISA_USAGE = YES_ERROR;
				CLANG_WARN_DOCUMENTATION_COMMENTS = YES;
				CLANG_WARN_EMPTY_BODY = YES;
				CLANG_WARN_ENUM_CONVERSION = YES;
				CLANG_WARN_INFINITE_RECURSION = YES;
				CLANG_WARN_INT_CONVERSION = YES;
				CLANG_WARN_NON_LITERAL_NULL_CONVERSION = YES;
				CLANG_WARN_OBJC_IMPLICIT_RETAIN_SELF = YES;
				CLANG_WARN_OBJC_LITERAL_CONVERSION = YES;
				CLANG_WARN_OBJC_ROOT_CLASS = YES_ERROR;
				CLANG_WARN_QUOTED_INCLUDE_IN_FRAMEWORK_HEADER = YES;
				CLANG_WARN_RANGE_LOOP_ANALYSIS = YES;
				CLANG_WARN_STRICT_PROTOTYPES = YES;
				CLANG_WARN_SUSPICIOUS_MOVE = YES;
				CLANG_WARN_UNGUARDED_AVAILABILITY = YES_AGGRESSIVE;
				CLANG_WARN_UNREACHABLE_CODE = YES;
				CLANG_WARN__DUPLICATE_METHOD_MATCH = YES;
				COPY_PHASE_STRIP = NO;
				DEBUG_INFORMATION_FORMAT = "dwarf-with-dsym";
				ENABLE_NS_ASSERTIONS = NO;
				ENABLE_STRICT_OBJC_MSGSEND = YES;
				ENABLE_USER_SCRIPT_SANDBOXING = YES;
				GCC_C_LANGUAGE_STANDARD = gnu17;
				GCC_NO_COMMON_BLOCKS = YES;
				GCC_WARN_64_TO_32_BIT_CONVERSION = YES;
				GCC_WARN_ABOUT_RETURN_TYPE = YES_ERROR;
				GCC_WARN_UNDECLARED_SELECTOR = YES;
				GCC_WARN_UNINITIALIZED_AUTOS = YES_AGGRESSIVE;
				GCC_WARN_UNUSED_FUNCTION = YES;
				GCC_WARN_UNUSED_VARIABLE = YES;
				IPHONEOS_DEPLOYMENT_TARGET = 17.2;
				LOCALIZATION_PREFERS_STRING_CATALOGS = YES;
				MTL_ENABLE_DEBUG_INFO = NO;
				MTL_FAST_MATH = YES;
				SDKROOT = iphoneos;
				SWIFT_COMPILATION_MODE = wholemodule;
				VALIDATE_PRODUCT = YES;
			};
			name = Release;
		};
		9976CAC92B696F2700C4FEFD /* Debug */ = {
			isa = XCBuildConfiguration;
			buildSettings = {
				ASSETCATALOG_COMPILER_APPICON_NAME = AppIcon;
				ASSETCATALOG_COMPILER_GLOBAL_ACCENT_COLOR_NAME = AccentColor;
				CODE_SIGN_STYLE = Automatic;
				CURRENT_PROJECT_VERSION = 1;
				DEVELOPMENT_TEAM = DJAKTWW879;
				GENERATE_INFOPLIST_FILE = YES;
				INFOPLIST_FILE = RickAndMorty/Info.plist;
				INFOPLIST_KEY_UIApplicationSupportsIndirectInputEvents = YES;
				INFOPLIST_KEY_UILaunchStoryboardName = LaunchScreen;
				INFOPLIST_KEY_UISupportedInterfaceOrientations_iPad = "UIInterfaceOrientationPortrait UIInterfaceOrientationPortraitUpsideDown UIInterfaceOrientationLandscapeLeft UIInterfaceOrientationLandscapeRight";
				INFOPLIST_KEY_UISupportedInterfaceOrientations_iPhone = "UIInterfaceOrientationPortrait UIInterfaceOrientationLandscapeLeft UIInterfaceOrientationLandscapeRight";
				LD_RUNPATH_SEARCH_PATHS = (
					"$(inherited)",
					"@executable_path/Frameworks",
				);
				MARKETING_VERSION = 1.0;
				PRODUCT_BUNDLE_IDENTIFIER = arda.buyukhatipoglu.RickAndMorty;
				PRODUCT_NAME = "$(TARGET_NAME)";
				SWIFT_EMIT_LOC_STRINGS = YES;
				SWIFT_VERSION = 5.0;
				TARGETED_DEVICE_FAMILY = "1,2";
			};
			name = Debug;
		};
		9976CACA2B696F2700C4FEFD /* Release */ = {
			isa = XCBuildConfiguration;
			buildSettings = {
				ASSETCATALOG_COMPILER_APPICON_NAME = AppIcon;
				ASSETCATALOG_COMPILER_GLOBAL_ACCENT_COLOR_NAME = AccentColor;
				CODE_SIGN_STYLE = Automatic;
				CURRENT_PROJECT_VERSION = 1;
				DEVELOPMENT_TEAM = DJAKTWW879;
				GENERATE_INFOPLIST_FILE = YES;
				INFOPLIST_FILE = RickAndMorty/Info.plist;
				INFOPLIST_KEY_UIApplicationSupportsIndirectInputEvents = YES;
				INFOPLIST_KEY_UILaunchStoryboardName = LaunchScreen;
				INFOPLIST_KEY_UISupportedInterfaceOrientations_iPad = "UIInterfaceOrientationPortrait UIInterfaceOrientationPortraitUpsideDown UIInterfaceOrientationLandscapeLeft UIInterfaceOrientationLandscapeRight";
				INFOPLIST_KEY_UISupportedInterfaceOrientations_iPhone = "UIInterfaceOrientationPortrait UIInterfaceOrientationLandscapeLeft UIInterfaceOrientationLandscapeRight";
				LD_RUNPATH_SEARCH_PATHS = (
					"$(inherited)",
					"@executable_path/Frameworks",
				);
				MARKETING_VERSION = 1.0;
				PRODUCT_BUNDLE_IDENTIFIER = arda.buyukhatipoglu.RickAndMorty;
				PRODUCT_NAME = "$(TARGET_NAME)";
				SWIFT_EMIT_LOC_STRINGS = YES;
				SWIFT_VERSION = 5.0;
				TARGETED_DEVICE_FAMILY = "1,2";
			};
			name = Release;
		};
/* End XCBuildConfiguration section */

/* Begin XCConfigurationList section */
		9976CAAF2B696F2100C4FEFD /* Build configuration list for PBXProject "RickAndMorty" */ = {
			isa = XCConfigurationList;
			buildConfigurations = (
				9976CAC62B696F2700C4FEFD /* Debug */,
				9976CAC72B696F2700C4FEFD /* Release */,
			);
			defaultConfigurationIsVisible = 0;
			defaultConfigurationName = Release;
		};
		9976CAC82B696F2700C4FEFD /* Build configuration list for PBXNativeTarget "RickAndMorty" */ = {
			isa = XCConfigurationList;
			buildConfigurations = (
				9976CAC92B696F2700C4FEFD /* Debug */,
				9976CACA2B696F2700C4FEFD /* Release */,
			);
			defaultConfigurationIsVisible = 0;
			defaultConfigurationName = Release;
		};
/* End XCConfigurationList section */
	};
	rootObject = 9976CAAC2B696F2100C4FEFD /* Project object */;
}
